
Microsoft Visual Studio Solution File, Format Version 12.00
Project("{F2A71F9B-5D33-465A-A702-920D77279786}") = "PocketSolace", "PocketSolace\PocketSolace.fsproj", "{8BA7AEA2-98C7-4FF5-9C45-2D8BA424AC1B}"
EndProject
Global
	GlobalSection(SolutionConfigurationPlatforms) = preSolution
		Debug|Any CPU = Debug|Any CPU
		Release|Any CPU = Release|Any CPU
	EndGlobalSection
	GlobalSection(ProjectConfigurationPlatforms) = postSolution
		{8BA7AEA2-98C7-4FF5-9C45-2D8BA424AC1B}.Debug|Any CPU.ActiveCfg = Debug|Any CPU
		{8BA7AEA2-98C7-4FF5-9C45-2D8BA424AC1B}.Debug|Any CPU.Build.0 = Debug|Any CPU
		{8BA7AEA2-98C7-4FF5-9C45-2D8BA424AC1B}.Release|Any CPU.ActiveCfg = Release|Any CPU
		{8BA7AEA2-98C7-4FF5-9C45-2D8BA424AC1B}.Release|Any CPU.Build.0 = Release|Any CPU
	EndGlobalSection
EndGlobal
